// !$*UTF8*$!
{
	archiveVersion = 1;
	classes = {
	};
	objectVersion = 55;
	objects = {

/* Begin PBXBuildFile section */
		52A8C4832878695400557230 /* HomeVC.swift in Sources */ = {isa = PBXBuildFile; fileRef = 52A8C4822878695400557230 /* HomeVC.swift */; };
		52A8C485287869C200557230 /* ExploreVC.swift in Sources */ = {isa = PBXBuildFile; fileRef = 52A8C484287869C200557230 /* ExploreVC.swift */; };
		52A8C487287869E700557230 /* NotificationVC.swift in Sources */ = {isa = PBXBuildFile; fileRef = 52A8C486287869E700557230 /* NotificationVC.swift */; };
		52A8C48928786A0500557230 /* MessagesVC.swift in Sources */ = {isa = PBXBuildFile; fileRef = 52A8C48828786A0500557230 /* MessagesVC.swift */; };
		52A8C48B28786A2D00557230 /* SpacesVC.swift in Sources */ = {isa = PBXBuildFile; fileRef = 52A8C48A28786A2C00557230 /* SpacesVC.swift */; };
		52D0B6EC28782F50004C2BA7 /* AppDelegate.swift in Sources */ = {isa = PBXBuildFile; fileRef = 52D0B6EB28782F50004C2BA7 /* AppDelegate.swift */; };
		52D0B6EE28782F50004C2BA7 /* SceneDelegate.swift in Sources */ = {isa = PBXBuildFile; fileRef = 52D0B6ED28782F50004C2BA7 /* SceneDelegate.swift */; };
		52D0B6F028782F50004C2BA7 /* MainTabBarController.swift in Sources */ = {isa = PBXBuildFile; fileRef = 52D0B6EF28782F50004C2BA7 /* MainTabBarController.swift */; };
		52D0B6F528782F52004C2BA7 /* Assets.xcassets in Resources */ = {isa = PBXBuildFile; fileRef = 52D0B6F428782F52004C2BA7 /* Assets.xcassets */; };
		52D0B6F828782F52004C2BA7 /* LaunchScreen.storyboard in Resources */ = {isa = PBXBuildFile; fileRef = 52D0B6F628782F52004C2BA7 /* LaunchScreen.storyboard */; };
/* End PBXBuildFile section */

/* Begin PBXFileReference section */
		52A8C4822878695400557230 /* HomeVC.swift */ = {isa = PBXFileReference; lastKnownFileType = sourcecode.swift; path = HomeVC.swift; sourceTree = "<group>"; };
		52A8C484287869C200557230 /* ExploreVC.swift */ = {isa = PBXFileReference; lastKnownFileType = sourcecode.swift; path = ExploreVC.swift; sourceTree = "<group>"; };
		52A8C486287869E700557230 /* NotificationVC.swift */ = {isa = PBXFileReference; lastKnownFileType = sourcecode.swift; path = NotificationVC.swift; sourceTree = "<group>"; };
		52A8C48828786A0500557230 /* MessagesVC.swift */ = {isa = PBXFileReference; lastKnownFileType = sourcecode.swift; path = MessagesVC.swift; sourceTree = "<group>"; };
		52A8C48A28786A2C00557230 /* SpacesVC.swift */ = {isa = PBXFileReference; lastKnownFileType = sourcecode.swift; path = SpacesVC.swift; sourceTree = "<group>"; };
		52D0B6E828782F50004C2BA7 /* Twitter App.app */ = {isa = PBXFileReference; explicitFileType = wrapper.application; includeInIndex = 0; path = "Twitter App.app"; sourceTree = BUILT_PRODUCTS_DIR; };
		52D0B6EB28782F50004C2BA7 /* AppDelegate.swift */ = {isa = PBXFileReference; lastKnownFileType = sourcecode.swift; path = AppDelegate.swift; sourceTree = "<group>"; };
		52D0B6ED28782F50004C2BA7 /* SceneDelegate.swift */ = {isa = PBXFileReference; lastKnownFileType = sourcecode.swift; path = SceneDelegate.swift; sourceTree = "<group>"; };
		52D0B6EF28782F50004C2BA7 /* MainTabBarController.swift */ = {isa = PBXFileReference; lastKnownFileType = sourcecode.swift; path = MainTabBarController.swift; sourceTree = "<group>"; };
		52D0B6F428782F52004C2BA7 /* Assets.xcassets */ = {isa = PBXFileReference; lastKnownFileType = folder.assetcatalog; path = Assets.xcassets; sourceTree = "<group>"; };
		52D0B6F728782F52004C2BA7 /* Base */ = {isa = PBXFileReference; lastKnownFileType = file.storyboard; name = Base; path = Base.lproj/LaunchScreen.storyboard; sourceTree = "<group>"; };
		52D0B6F928782F52004C2BA7 /* Info.plist */ = {isa = PBXFileReference; lastKnownFileType = text.plist.xml; path = Info.plist; sourceTree = "<group>"; };
/* End PBXFileReference section */

/* Begin PBXFrameworksBuildPhase section */
		52D0B6E528782F50004C2BA7 /* Frameworks */ = {
			isa = PBXFrameworksBuildPhase;
			buildActionMask = 2147483647;
			files = (
			);
			runOnlyForDeploymentPostprocessing = 0;
		};
/* End PBXFrameworksBuildPhase section */

/* Begin PBXGroup section */
		52A8C4812878691600557230 /* Views */ = {
			isa = PBXGroup;
			children = (
				52D0B6EF28782F50004C2BA7 /* MainTabBarController.swift */,
				52A8C4822878695400557230 /* HomeVC.swift */,
				52A8C484287869C200557230 /* ExploreVC.swift */,
				52A8C486287869E700557230 /* NotificationVC.swift */,
				52A8C48828786A0500557230 /* MessagesVC.swift */,
				52A8C48A28786A2C00557230 /* SpacesVC.swift */,
			);
			path = Views;
			sourceTree = "<group>";
		};
		52D0B6DF28782F50004C2BA7 = {
			isa = PBXGroup;
			children = (
				52D0B6EA28782F50004C2BA7 /* Twitter App */,
				52D0B6E928782F50004C2BA7 /* Products */,
			);
			sourceTree = "<group>";
		};
		52D0B6E928782F50004C2BA7 /* Products */ = {
			isa = PBXGroup;
			children = (
				52D0B6E828782F50004C2BA7 /* Twitter App.app */,
			);
			name = Products;
			sourceTree = "<group>";
		};
		52D0B6EA28782F50004C2BA7 /* Twitter App */ = {
			isa = PBXGroup;
			children = (
				52A8C4812878691600557230 /* Views */,
				52D0B6EB28782F50004C2BA7 /* AppDelegate.swift */,
				52D0B6ED28782F50004C2BA7 /* SceneDelegate.swift */,
				52D0B6F428782F52004C2BA7 /* Assets.xcassets */,
				52D0B6F628782F52004C2BA7 /* LaunchScreen.storyboard */,
				52D0B6F928782F52004C2BA7 /* Info.plist */,
			);
			path = "Twitter App";
			sourceTree = "<group>";
		};
/* End PBXGroup section */

/* Begin PBXNativeTarget section */
		52D0B6E728782F50004C2BA7 /* Twitter App */ = {
			isa = PBXNativeTarget;
			buildConfigurationList = 52D0B6FC28782F52004C2BA7 /* Build configuration list for PBXNativeTarget "Twitter App" */;
			buildPhases = (
				52D0B6E428782F50004C2BA7 /* Sources */,
				52D0B6E528782F50004C2BA7 /* Frameworks */,
				52D0B6E628782F50004C2BA7 /* Resources */,
			);
			buildRules = (
			);
			dependencies = (
			);
			name = "Twitter App";
			productName = "Twitter App";
			productReference = 52D0B6E828782F50004C2BA7 /* Twitter App.app */;
			productType = "com.apple.product-type.application";
		};
/* End PBXNativeTarget section */

/* Begin PBXProject section */
		52D0B6E028782F50004C2BA7 /* Project object */ = {
			isa = PBXProject;
			attributes = {
				BuildIndependentTargetsInParallel = 1;
				LastSwiftUpdateCheck = 1320;
				LastUpgradeCheck = 1320;
				TargetAttributes = {
					52D0B6E728782F50004C2BA7 = {
						CreatedOnToolsVersion = 13.2.1;
					};
				};
			};
			buildConfigurationList = 52D0B6E328782F50004C2BA7 /* Build configuration list for PBXProject "Twitter App" */;
			compatibilityVersion = "Xcode 13.0";
			developmentRegion = en;
			hasScannedForEncodings = 0;
			knownRegions = (
				en,
				Base,
			);
			mainGroup = 52D0B6DF28782F50004C2BA7;
			productRefGroup = 52D0B6E928782F50004C2BA7 /* Products */;
			projectDirPath = "";
			projectRoot = "";
			targets = (
				52D0B6E728782F50004C2BA7 /* Twitter App */,
			);
		};
/* End PBXProject section */

/* Begin PBXResourcesBuildPhase section */
		52D0B6E628782F50004C2BA7 /* Resources */ = {
			isa = PBXResourcesBuildPhase;
			buildActionMask = 2147483647;
			files = (
				52D0B6F828782F52004C2BA7 /* LaunchScreen.storyboard in Resources */,
				52D0B6F528782F52004C2BA7 /* Assets.xcassets in Resources */,
			);
			runOnlyForDeploymentPostprocessing = 0;
		};
/* End PBXResourcesBuildPhase section */

/* Begin PBXSourcesBuildPhase section */
		52D0B6E428782F50004C2BA7 /* Sources */ = {
			isa = PBXSourcesBuildPhase;
			buildActionMask = 2147483647;
			files = (
				52D0B6F028782F50004C2BA7 /* MainTabBarController.swift in Sources */,
				52A8C48B28786A2D00557230 /* SpacesVC.swift in Sources */,
				52A8C487287869E700557230 /* NotificationVC.swift in Sources */,
				52A8C4832878695400557230 /* HomeVC.swift in Sources */,
				52A8C485287869C200557230 /* ExploreVC.swift in Sources */,
				52D0B6EC28782F50004C2BA7 /* AppDelegate.swift in Sources */,
				52D0B6EE28782F50004C2BA7 /* SceneDelegate.swift in Sources */,
				52A8C48928786A0500557230 /* MessagesVC.swift in Sources */,
			);
			runOnlyForDeploymentPostprocessing = 0;
		};
/* End PBXSourcesBuildPhase section */

/* Begin PBXVariantGroup section */
		52D0B6F628782F52004C2BA7 /* LaunchScreen.storyboard */ = {
			isa = PBXVariantGroup;
			children = (
				52D0B6F728782F52004C2BA7 /* Base */,
			);
			name = LaunchScreen.storyboard;
			sourceTree = "<group>";
		};
/* End PBXVariantGroup section */

/* Begin XCBuildConfiguration section */
		52D0B6FA28782F52004C2BA7 /* Debug */ = {
			isa = XCBuildConfiguration;
			buildSettings = {
				ALWAYS_SEARCH_USER_PATHS = NO;
				CLANG_ANALYZER_NONNULL = YES;
				CLANG_ANALYZER_NUMBER_OBJECT_CONVERSION = YES_AGGRESSIVE;
				CLANG_CXX_LANGUAGE_STANDARD = "gnu++17";
				CLANG_CXX_LIBRARY = "libc++";
				CLANG_ENABLE_MODULES = YES;
				CLANG_ENABLE_OBJC_ARC = YES;
				CLANG_ENABLE_OBJC_WEAK = YES;
				CLANG_WARN_BLOCK_CAPTURE_AUTORELEASING = YES;
				CLANG_WARN_BOOL_CONVERSION = YES;
				CLANG_WARN_COMMA = YES;
				CLANG_WARN_CONSTANT_CONVERSION = YES;
				CLANG_WARN_DEPRECATED_OBJC_IMPLEMENTATIONS = YES;
				CLANG_WARN_DIRECT_OBJC_ISA_USAGE = YES_ERROR;
				CLANG_WARN_DOCUMENTATION_COMMENTS = YES;
				CLANG_WARN_EMPTY_BODY = YES;
				CLANG_WARN_ENUM_CONVERSION = YES;
				CLANG_WARN_INFINITE_RECURSION = YES;
				CLANG_WARN_INT_CONVERSION = YES;
				CLANG_WARN_NON_LITERAL_NULL_CONVERSION = YES;
				CLANG_WARN_OBJC_IMPLICIT_RETAIN_SELF = YES;
				CLANG_WARN_OBJC_LITERAL_CONVERSION = YES;
				CLANG_WARN_OBJC_ROOT_CLASS = YES_ERROR;
				CLANG_WARN_QUOTED_INCLUDE_IN_FRAMEWORK_HEADER = YES;
				CLANG_WARN_RANGE_LOOP_ANALYSIS = YES;
				CLANG_WARN_STRICT_PROTOTYPES = YES;
				CLANG_WARN_SUSPICIOUS_MOVE = YES;
				CLANG_WARN_UNGUARDED_AVAILABILITY = YES_AGGRESSIVE;
				CLANG_WARN_UNREACHABLE_CODE = YES;
				CLANG_WARN__DUPLICATE_METHOD_MATCH = YES;
				COPY_PHASE_STRIP = NO;
				DEBUG_INFORMATION_FORMAT = dwarf;
				ENABLE_STRICT_OBJC_MSGSEND = YES;
				ENABLE_TESTABILITY = YES;
				GCC_C_LANGUAGE_STANDARD = gnu11;
				GCC_DYNAMIC_NO_PIC = NO;
				GCC_NO_COMMON_BLOCKS = YES;
				GCC_OPTIMIZATION_LEVEL = 0;
				GCC_PREPROCESSOR_DEFINITIONS = (
					"DEBUG=1",
					"$(inherited)",
				);
				GCC_WARN_64_TO_32_BIT_CONVERSION = YES;
				GCC_WARN_ABOUT_RETURN_TYPE = YES_ERROR;
				GCC_WARN_UNDECLARED_SELECTOR = YES;
				GCC_WARN_UNINITIALIZED_AUTOS = YES_AGGRESSIVE;
				GCC_WARN_UNUSED_FUNCTION = YES;
				GCC_WARN_UNUSED_VARIABLE = YES;
				IPHONEOS_DEPLOYMENT_TARGET = 15.2;
				MTL_ENABLE_DEBUG_INFO = INCLUDE_SOURCE;
				MTL_FAST_MATH = YES;
				ONLY_ACTIVE_ARCH = YES;
				SDKROOT = iphoneos;
				SWIFT_ACTIVE_COMPILATION_CONDITIONS = DEBUG;
				SWIFT_OPTIMIZATION_LEVEL = "-Onone";
			};
			name = Debug;
		};
		52D0B6FB28782F52004C2BA7 /* Release */ = {
			isa = XCBuildConfiguration;
			buildSettings = {
				ALWAYS_SEARCH_USER_PATHS = NO;
				CLANG_ANALYZER_NONNULL = YES;
				CLANG_ANALYZER_NUMBER_OBJECT_CONVERSION = YES_AGGRESSIVE;
				CLANG_CXX_LANGUAGE_STANDARD = "gnu++17";
				CLANG_CXX_LIBRARY = "libc++";
				CLANG_ENABLE_MODULES = YES;
				CLANG_ENABLE_OBJC_ARC = YES;
				CLANG_ENABLE_OBJC_WEAK = YES;
				CLANG_WARN_BLOCK_CAPTURE_AUTORELEASING = YES;
				CLANG_WARN_BOOL_CONVERSION = YES;
				CLANG_WARN_COMMA = YES;
				CLANG_WARN_CONSTANT_CONVERSION = YES;
				CLANG_WARN_DEPRECATED_OBJC_IMPLEMENTATIONS = YES;
				CLANG_WARN_DIRECT_OBJC_ISA_USAGE = YES_ERROR;
				CLANG_WARN_DOCUMENTATION_COMMENTS = YES;
				CLANG_WARN_EMPTY_BODY = YES;
				CLANG_WARN_ENUM_CONVERSION = YES;
				CLANG_WARN_INFINITE_RECURSION = YES;
				CLANG_WARN_INT_CONVERSION = YES;
				CLANG_WARN_NON_LITERAL_NULL_CONVERSION = YES;
				CLANG_WARN_OBJC_IMPLICIT_RETAIN_SELF = YES;
				CLANG_WARN_OBJC_LITERAL_CONVERSION = YES;
				CLANG_WARN_OBJC_ROOT_CLASS = YES_ERROR;
				CLANG_WARN_QUOTED_INCLUDE_IN_FRAMEWORK_HEADER = YES;
				CLANG_WARN_RANGE_LOOP_ANALYSIS = YES;
				CLANG_WARN_STRICT_PROTOTYPES = YES;
				CLANG_WARN_SUSPICIOUS_MOVE = YES;
				CLANG_WARN_UNGUARDED_AVAILABILITY = YES_AGGRESSIVE;
				CLANG_WARN_UNREACHABLE_CODE = YES;
				CLANG_WARN__DUPLICATE_METHOD_MATCH = YES;
				COPY_PHASE_STRIP = NO;
				DEBUG_INFORMATION_FORMAT = "dwarf-with-dsym";
				ENABLE_NS_ASSERTIONS = NO;
				ENABLE_STRICT_OBJC_MSGSEND = YES;
				GCC_C_LANGUAGE_STANDARD = gnu11;
				GCC_NO_COMMON_BLOCKS = YES;
				GCC_WARN_64_TO_32_BIT_CONVERSION = YES;
				GCC_WARN_ABOUT_RETURN_TYPE = YES_ERROR;
				GCC_WARN_UNDECLARED_SELECTOR = YES;
				GCC_WARN_UNINITIALIZED_AUTOS = YES_AGGRESSIVE;
				GCC_WARN_UNUSED_FUNCTION = YES;
				GCC_WARN_UNUSED_VARIABLE = YES;
				IPHONEOS_DEPLOYMENT_TARGET = 15.2;
				MTL_ENABLE_DEBUG_INFO = NO;
				MTL_FAST_MATH = YES;
				SDKROOT = iphoneos;
				SWIFT_COMPILATION_MODE = wholemodule;
				SWIFT_OPTIMIZATION_LEVEL = "-O";
				VALIDATE_PRODUCT = YES;
			};
			name = Release;
		};
		52D0B6FD28782F52004C2BA7 /* Debug */ = {
			isa = XCBuildConfiguration;
			buildSettings = {
				ASSETCATALOG_COMPILER_APPICON_NAME = AppIcon;
				ASSETCATALOG_COMPILER_GLOBAL_ACCENT_COLOR_NAME = AccentColor;
				CODE_SIGN_STYLE = Automatic;
				CURRENT_PROJECT_VERSION = 1;
				DEVELOPMENT_TEAM = 7SM8DW2XRZ;
				GENERATE_INFOPLIST_FILE = YES;
				INFOPLIST_FILE = "Twitter App/Info.plist";
				INFOPLIST_KEY_UIApplicationSupportsIndirectInputEvents = YES;
				INFOPLIST_KEY_UILaunchStoryboardName = LaunchScreen;
				INFOPLIST_KEY_UISupportedInterfaceOrientations_iPad = "UIInterfaceOrientationPortrait UIInterfaceOrientationPortraitUpsideDown UIInterfaceOrientationLandscapeLeft UIInterfaceOrientationLandscapeRight";
				INFOPLIST_KEY_UISupportedInterfaceOrientations_iPhone = "UIInterfaceOrientationPortrait UIInterfaceOrientationLandscapeLeft UIInterfaceOrientationLandscapeRight";
				LD_RUNPATH_SEARCH_PATHS = (
					"$(inherited)",
					"@executable_path/Frameworks",
				);
				MARKETING_VERSION = 1.0;
				PRODUCT_BUNDLE_IDENTIFIER = "co.ibragimov.Twitter-App";
				PRODUCT_NAME = "$(TARGET_NAME)";
				SWIFT_EMIT_LOC_STRINGS = YES;
				SWIFT_VERSION = 5.0;
				TARGETED_DEVICE_FAMILY = "1,2";
			};
			name = Debug;
		};
		52D0B6FE28782F52004C2BA7 /* Release */ = {
			isa = XCBuildConfiguration;
			buildSettings = {
				ASSETCATALOG_COMPILER_APPICON_NAME = AppIcon;
				ASSETCATALOG_COMPILER_GLOBAL_ACCENT_COLOR_NAME = AccentColor;
				CODE_SIGN_STYLE = Automatic;
				CURRENT_PROJECT_VERSION = 1;
				DEVELOPMENT_TEAM = 7SM8DW2XRZ;
				GENERATE_INFOPLIST_FILE = YES;
				INFOPLIST_FILE = "Twitter App/Info.plist";
				INFOPLIST_KEY_UIApplicationSupportsIndirectInputEvents = YES;
				INFOPLIST_KEY_UILaunchStoryboardName = LaunchScreen;
				INFOPLIST_KEY_UISupportedInterfaceOrientations_iPad = "UIInterfaceOrientationPortrait UIInterfaceOrientationPortraitUpsideDown UIInterfaceOrientationLandscapeLeft UIInterfaceOrientationLandscapeRight";
				INFOPLIST_KEY_UISupportedInterfaceOrientations_iPhone = "UIInterfaceOrientationPortrait UIInterfaceOrientationLandscapeLeft UIInterfaceOrientationLandscapeRight";
				LD_RUNPATH_SEARCH_PATHS = (
					"$(inherited)",
					"@executable_path/Frameworks",
				);
				MARKETING_VERSION = 1.0;
				PRODUCT_BUNDLE_IDENTIFIER = "co.ibragimov.Twitter-App";
				PRODUCT_NAME = "$(TARGET_NAME)";
				SWIFT_EMIT_LOC_STRINGS = YES;
				SWIFT_VERSION = 5.0;
				TARGETED_DEVICE_FAMILY = "1,2";
			};
			name = Release;
		};
/* End XCBuildConfiguration section */

/* Begin XCConfigurationList section */
		52D0B6E328782F50004C2BA7 /* Build configuration list for PBXProject "Twitter App" */ = {
			isa = XCConfigurationList;
			buildConfigurations = (
				52D0B6FA28782F52004C2BA7 /* Debug */,
				52D0B6FB28782F52004C2BA7 /* Release */,
			);
			defaultConfigurationIsVisible = 0;
			defaultConfigurationName = Release;
		};
		52D0B6FC28782F52004C2BA7 /* Build configuration list for PBXNativeTarget "Twitter App" */ = {
			isa = XCConfigurationList;
			buildConfigurations = (
				52D0B6FD28782F52004C2BA7 /* Debug */,
				52D0B6FE28782F52004C2BA7 /* Release */,
			);
			defaultConfigurationIsVisible = 0;
			defaultConfigurationName = Release;
		};
/* End XCConfigurationList section */
	};
	rootObject = 52D0B6E028782F50004C2BA7 /* Project object */;
}
